
Microsoft Visual Studio Solution File, Format Version 12.00
# Visual Studio 15
Project("{FAE04EC0-301F-11D3-BF4B-00C04F79EFBC}") = "Assembly-CSharp", "Assembly-CSharp.csproj", "{AF867748-F5B7-3D25-A2DA-78C344476914}"
EndProject
Project("{FAE04EC0-301F-11D3-BF4B-00C04F79EFBC}") = "Assembly-CSharp-Editor", "Assembly-CSharp-Editor.csproj", "{29D568E0-17EC-1BBA-DD48-126001F57DBC}"
EndProject
Global
	GlobalSection(SolutionConfigurationPlatforms) = preSolution
		Debug|Any CPU = Debug|Any CPU
		Release|Any CPU = Release|Any CPU
	EndGlobalSection
	GlobalSection(ProjectConfigurationPlatforms) = postSolution
		{AF867748-F5B7-3D25-A2DA-78C344476914}.Debug|Any CPU.ActiveCfg = Debug|Any CPU
		{AF867748-F5B7-3D25-A2DA-78C344476914}.Debug|Any CPU.Build.0 = Debug|Any CPU
		{AF867748-F5B7-3D25-A2DA-78C344476914}.Release|Any CPU.ActiveCfg = Release|Any CPU
		{AF867748-F5B7-3D25-A2DA-78C344476914}.Release|Any CPU.Build.0 = Release|Any CPU
		{29D568E0-17EC-1BBA-DD48-126001F57DBC}.Debug|Any CPU.ActiveCfg = Debug|Any CPU
		{29D568E0-17EC-1BBA-DD48-126001F57DBC}.Debug|Any CPU.Build.0 = Debug|Any CPU
		{29D568E0-17EC-1BBA-DD48-126001F57DBC}.Release|Any CPU.ActiveCfg = Release|Any CPU
		{29D568E0-17EC-1BBA-DD48-126001F57DBC}.Release|Any CPU.Build.0 = Release|Any CPU
	EndGlobalSection
	GlobalSection(SolutionProperties) = preSolution
		HideSolutionNode = FALSE
	EndGlobalSection
EndGlobal
